
Microsoft Visual Studio Solution File, Format Version 12.00
# Visual Studio Version 16
VisualStudioVersion = 16.0.28803.156
MinimumVisualStudioVersion = 10.0.40219.1
Project("{FAE04EC0-301F-11D3-BF4B-00C04F79EFBC}") = "Ejercicio01", "..\Ejercicio01\Ejercicio01.csproj", "{A51C70D9-6BAB-48E2-AE84-7E77CAA80F2E}"
EndProject
Project("{FAE04EC0-301F-11D3-BF4B-00C04F79EFBC}") = "EjercicioClase1", "..\EjercicioClase1\EjercicioClase1.csproj", "{F799D12B-7282-4247-B9CD-41D51204C6A2}"
EndProject
Project("{FAE04EC0-301F-11D3-BF4B-00C04F79EFBC}") = "WebApplicationMovies", "WebApplicationMovies\WebApplicationMovies.csproj", "{43CB7EC8-2AA6-4A37-A91E-33CF5FFBAACA}"
EndProject
Global
	GlobalSection(SolutionConfigurationPlatforms) = preSolution
		Debug|Any CPU = Debug|Any CPU
		Release|Any CPU = Release|Any CPU
	EndGlobalSection
	GlobalSection(ProjectConfigurationPlatforms) = postSolution
		{A51C70D9-6BAB-48E2-AE84-7E77CAA80F2E}.Debug|Any CPU.ActiveCfg = Debug|Any CPU
		{A51C70D9-6BAB-48E2-AE84-7E77CAA80F2E}.Debug|Any CPU.Build.0 = Debug|Any CPU
		{A51C70D9-6BAB-48E2-AE84-7E77CAA80F2E}.Release|Any CPU.ActiveCfg = Release|Any CPU
		{A51C70D9-6BAB-48E2-AE84-7E77CAA80F2E}.Release|Any CPU.Build.0 = Release|Any CPU
		{F799D12B-7282-4247-B9CD-41D51204C6A2}.Debug|Any CPU.ActiveCfg = Debug|Any CPU
		{F799D12B-7282-4247-B9CD-41D51204C6A2}.Debug|Any CPU.Build.0 = Debug|Any CPU
		{F799D12B-7282-4247-B9CD-41D51204C6A2}.Release|Any CPU.ActiveCfg = Release|Any CPU
		{F799D12B-7282-4247-B9CD-41D51204C6A2}.Release|Any CPU.Build.0 = Release|Any CPU
		{43CB7EC8-2AA6-4A37-A91E-33CF5FFBAACA}.Debug|Any CPU.ActiveCfg = Debug|Any CPU
		{43CB7EC8-2AA6-4A37-A91E-33CF5FFBAACA}.Debug|Any CPU.Build.0 = Debug|Any CPU
		{43CB7EC8-2AA6-4A37-A91E-33CF5FFBAACA}.Release|Any CPU.ActiveCfg = Release|Any CPU
		{43CB7EC8-2AA6-4A37-A91E-33CF5FFBAACA}.Release|Any CPU.Build.0 = Release|Any CPU
	EndGlobalSection
	GlobalSection(SolutionProperties) = preSolution
		HideSolutionNode = FALSE
	EndGlobalSection
	GlobalSection(ExtensibilityGlobals) = postSolution
		SolutionGuid = {D97A92FA-2B6A-42C1-8F8B-9428D51E3A6E}
	EndGlobalSection
EndGlobal
